
Microsoft Visual Studio Solution File, Format Version 12.00
# Visual Studio Version 17
VisualStudioVersion = 17.5.33502.453
MinimumVisualStudioVersion = 10.0.40219.1
Project("{FAE04EC0-301F-11D3-BF4B-00C04F79EFBC}") = "D_2_N_5", "D_2_N_5.csproj", "{5697DF89-D374-42BA-B9C7-C6AEA023A823}"
EndProject
Global
	GlobalSection(SolutionConfigurationPlatforms) = preSolution
		Debug|Any CPU = Debug|Any CPU
		Release|Any CPU = Release|Any CPU
	EndGlobalSection
	GlobalSection(ProjectConfigurationPlatforms) = postSolution
		{5697DF89-D374-42BA-B9C7-C6AEA023A823}.Debug|Any CPU.ActiveCfg = Debug|Any CPU
		{5697DF89-D374-42BA-B9C7-C6AEA023A823}.Debug|Any CPU.Build.0 = Debug|Any CPU
		{5697DF89-D374-42BA-B9C7-C6AEA023A823}.Release|Any CPU.ActiveCfg = Release|Any CPU
		{5697DF89-D374-42BA-B9C7-C6AEA023A823}.Release|Any CPU.Build.0 = Release|Any CPU
	EndGlobalSection
	GlobalSection(SolutionProperties) = preSolution
		HideSolutionNode = FALSE
	EndGlobalSection
	GlobalSection(ExtensibilityGlobals) = postSolution
		SolutionGuid = {B5FE9517-DC62-4088-A292-D635AF28F5EC}
	EndGlobalSection
EndGlobal
